
Microsoft Visual Studio Solution File, Format Version 12.00
# Visual Studio Version 16
VisualStudioVersion = 16.0.31624.102
MinimumVisualStudioVersion = 10.0.40219.1
Project("{FAE04EC0-301F-11D3-BF4B-00C04F79EFBC}") = "CSharpAdvanced", "CSharpAdvanced\CSharpAdvanced.csproj", "{FE1ED572-21F5-4689-A400-927B6BD3EA8A}"
EndProject
Global
	GlobalSection(SolutionConfigurationPlatforms) = preSolution
		Debug|Any CPU = Debug|Any CPU
		Release|Any CPU = Release|Any CPU
	EndGlobalSection
	GlobalSection(ProjectConfigurationPlatforms) = postSolution
		{FE1ED572-21F5-4689-A400-927B6BD3EA8A}.Debug|Any CPU.ActiveCfg = Debug|Any CPU
		{FE1ED572-21F5-4689-A400-927B6BD3EA8A}.Debug|Any CPU.Build.0 = Debug|Any CPU
		{FE1ED572-21F5-4689-A400-927B6BD3EA8A}.Release|Any CPU.ActiveCfg = Release|Any CPU
		{FE1ED572-21F5-4689-A400-927B6BD3EA8A}.Release|Any CPU.Build.0 = Release|Any CPU
	EndGlobalSection
	GlobalSection(SolutionProperties) = preSolution
		HideSolutionNode = FALSE
	EndGlobalSection
	GlobalSection(ExtensibilityGlobals) = postSolution
		SolutionGuid = {C5D9F9FD-0B4F-409A-9263-8F6C60108FC7}
	EndGlobalSection
EndGlobal
